# @generated - this file is auto-generated by `mise lock` https://mise.jdx.dev/dev-tools/mise-lock.html

lockfile_version = 2

[conda-packages.macos-arm64."ca-certificates-2026.7.22-hbd8a1cb_0"]
url = "https://conda.anaconda.org/conda-forge/noarch/ca-certificates-2026.7.22-hbd8a1cb_0.conda"
checksum = "sha256:0a0544cf95f64394fe4959286f5c71f5444ad58feb0602e53becb27448d24da6"

[conda-packages.macos-arm64."cyrus-sasl-2.1.28-hb961e35_1"]
url = "https://conda.anaconda.org/conda-forge/osx-arm64/cyrus-sasl-2.1.28-hb961e35_1.conda"
checksum = "sha256:2bb1a8cfc2534b05718c21ffacd806c5c3d5289c9e8be12270d9fc5606c859bf"

[conda-packages.macos-arm64."icu-78.3-py310h579977c_2"]
url = "https://conda.anaconda.org/conda-forge/osx-arm64/icu-78.3-py310h579977c_2.conda"
checksum = "sha256:6cdb5dee54c72e56ab189fb3ad33cb28533553d42590e7e831160248f4416a43"

[conda-packages.macos-arm64."krb5-1.22.2-h34f8a20_2"]
url = "https://conda.anaconda.org/conda-forge/osx-arm64/krb5-1.22.2-h34f8a20_2.conda"
checksum = "sha256:aaea1d42b07769920db2af7471ece9399d2613448863da64ad8272998db5db34"

[conda-packages.macos-arm64."libcxx-23.1.1-h55c6f16_0"]
url = "https://conda.anaconda.org/conda-forge/osx-arm64/libcxx-23.1.1-h55c6f16_0.conda"
checksum = "sha256:3f902803f0fc2643a4f82ff15a06811d974ff5fb6fa8f957720a7ef84e13ad98"

[conda-packages.macos-arm64."libedit-3.1.20250104-pl5321h26f1114_1"]
url = "https://conda.anaconda.org/conda-forge/osx-arm64/libedit-3.1.20250104-pl5321h26f1114_1.conda"
checksum = "sha256:257c926f19e32bdb981fc674c76966049b6fc73f706bae58e9fed8757ad1da70"

[conda-packages.macos-arm64."libiconv-1.18-he4c29f2_3"]
url = "https://conda.anaconda.org/conda-forge/osx-arm64/libiconv-1.18-he4c29f2_3.conda"
checksum = "sha256:689a14968267f2f97c07112fca5636e7d756036b9aee969911267c20bd3eea1f"

[conda-packages.macos-arm64."liblzma-5.8.3-h8088a28_1"]
url = "https://conda.anaconda.org/conda-forge/osx-arm64/liblzma-5.8.3-h8088a28_1.conda"
checksum = "sha256:23d0630046a3e8b164d8f80f2b74ed2605af2e7050ab9913018056402fae4311"

[conda-packages.macos-arm64."libntlm-1.8-h5505292_0"]
url = "https://conda.anaconda.org/conda-forge/osx-arm64/libntlm-1.8-h5505292_0.conda"
checksum = "sha256:ea8c680924d957e12270dca549620327d5e986f23c4bd5f45627167ca6ef7a3b"

[conda-packages.macos-arm64."libpq-18.6-h08b03b9_1"]
url = "https://conda.anaconda.org/conda-forge/osx-arm64/libpq-18.6-h08b03b9_1.conda"
checksum = "sha256:a9c87c5d6bd017378df89f32f2a24ee1c718063236ebcda0093eaa4f03483ed4"

[conda-packages.macos-arm64."libxml2-16-2.15.4-heb56d2d_0"]
url = "https://conda.anaconda.org/conda-forge/osx-arm64/libxml2-16-2.15.4-heb56d2d_0.conda"
checksum = "sha256:8a26f7c94ab849c1930da36c298f4b82e892382b70ae865cd7274188d9d783e2"

[conda-packages.macos-arm64."libxml2-2.15.4-h550178d_0"]
url = "https://conda.anaconda.org/conda-forge/osx-arm64/libxml2-2.15.4-h550178d_0.conda"
checksum = "sha256:81217fcd4d4abdc69ee63cdb9cdb22e05a20b9ba7a76f596579914a838fe5960"

[conda-packages.macos-arm64."libxslt-1.1.45-haaf9281_1"]
url = "https://conda.anaconda.org/conda-forge/osx-arm64/libxslt-1.1.45-haaf9281_1.conda"
checksum = "sha256:4b40785bdc7af110db10c9b951ce7f82c515bb371046367f0e397428d2db44f4"

[conda-packages.macos-arm64."libzlib-1.3.2-h8088a28_3"]
url = "https://conda.anaconda.org/conda-forge/osx-arm64/libzlib-1.3.2-h8088a28_3.conda"
checksum = "sha256:a18fa5d5bac452401459f966cf0d872224e8080c4ff93c77e168d43ab42ef9d7"

[conda-packages.macos-arm64."lz4-c-1.10.0-hdca3b7d_2"]
url = "https://conda.anaconda.org/conda-forge/osx-arm64/lz4-c-1.10.0-hdca3b7d_2.conda"
checksum = "sha256:1887867b393eb3c2b336deaffcf228574821ea1e0dcb9ef7bf6c9f59cec40f03"

[conda-packages.macos-arm64."ncurses-6.6-he64c551_1"]
url = "https://conda.anaconda.org/conda-forge/osx-arm64/ncurses-6.6-he64c551_1.conda"
checksum = "sha256:7024a48c8c0d0114ed4ab53c76bf9275d50e91ba7cea367a9aead638d3c29c68"

[conda-packages.macos-arm64."openldap-2.6.13-hf7f56bc_0"]
url = "https://conda.anaconda.org/conda-forge/osx-arm64/openldap-2.6.13-hf7f56bc_0.conda"
checksum = "sha256:4a7b691a5b2241ee10f59a9e51f68be4cf1e4294829cebb40d198139a561e780"

[conda-packages.macos-arm64."openssl-3.6.4-h55eecbc_0"]
url = "https://conda.anaconda.org/conda-forge/osx-arm64/openssl-3.6.4-h55eecbc_0.conda"
checksum = "sha256:f23239eacd75c4c50705e68fae1aa3292da473e6a3a4abe2330f1e6afa680704"

[conda-packages.macos-arm64."readline-8.3-h8b90a29_1"]
url = "https://conda.anaconda.org/conda-forge/osx-arm64/readline-8.3-h8b90a29_1.conda"
checksum = "sha256:d6782b430e6dce4fe8c7ac118cd988d5a193eb4a7f60741edfaede58016b6110"

[conda-packages.macos-arm64.tzcode-2026c-h1a92334_0]
url = "https://conda.anaconda.org/conda-forge/osx-arm64/tzcode-2026c-h1a92334_0.conda"
checksum = "sha256:fdfb259d47f3f4ef24f3b20709d60ef84366269c19fd83df4c31d67375c73705"

[conda-packages.macos-arm64.tzdata-2026c-h151e31d_0]
url = "https://conda.anaconda.org/conda-forge/noarch/tzdata-2026c-h151e31d_0.conda"
checksum = "sha256:b928c30ddcb0e3f544c6eade8352737e6e610e263276b90232db6a578ef899d8"

[conda-packages.macos-arm64."zstd-1.5.7-hf451053_7"]
url = "https://conda.anaconda.org/conda-forge/osx-arm64/zstd-1.5.7-hf451053_7.conda"
checksum = "sha256:da867f5092eb0cb746d353694f0098031fd9817a4ce7d5743121209ae0f406ca"

[[tools."aqua:caddyserver/caddy"]]
version = "2.11.4"
backend = "aqua:caddyserver/caddy"
specifiers = ["2.11.4"]

[tools."aqua:caddyserver/caddy"."platforms.macos-arm64"]
checksum = "sha256:9efb0af2d6cf09cfb5053c0e51721b9b3d4956d346234f39368d943d25a3c9a7"
url = "https://github.com/caddyserver/caddy/releases/download/v2.11.4/caddy_2.11.4_mac_arm64.tar.gz"
url_api = "https://api.github.com/repos/caddyserver/caddy/releases/assets/436912311"

[[tools."conda:openssl"]]
version = "3.6.4"
backend = "conda:openssl"
specifiers = ["3.6.4"]

[tools."conda:openssl".options]
channel = "conda-forge"

[tools."conda:openssl"."platforms.macos-arm64"]
checksum = "sha256:f23239eacd75c4c50705e68fae1aa3292da473e6a3a4abe2330f1e6afa680704"
url = "https://conda.anaconda.org/conda-forge/osx-arm64/openssl-3.6.4-h55eecbc_0.conda"
conda_deps = ["ca-certificates-2026.7.22-hbd8a1cb_0"]

[[tools."conda:pkgconf"]]
version = "3.0.7"
backend = "conda:pkgconf"
specifiers = ["3.0.7"]

[tools."conda:pkgconf".options]
channel = "conda-forge"

[tools."conda:pkgconf"."platforms.macos-arm64"]
checksum = "sha256:7ae352abea0e489193aa61e0751dbe275a329dd90a20966d01d7ead9a85194ca"
url = "https://conda.anaconda.org/conda-forge/osx-arm64/pkgconf-3.0.7-h74c22ad_0.conda"
conda_deps = []

[[tools."conda:postgresql"]]
version = "18.6"
backend = "conda:postgresql"
specifiers = ["18.6"]

[tools."conda:postgresql".options]
channel = "conda-forge"

[tools."conda:postgresql"."platforms.macos-arm64"]
checksum = "sha256:dd469d447042285531e89fc73310f5027eef0540a63e453e02e907efb84b2156"
url = "https://conda.anaconda.org/conda-forge/osx-arm64/postgresql-18.6-heca42e1_1.conda"
conda_deps = [
    "openldap-2.6.13-hf7f56bc_0",
    "libpq-18.6-h08b03b9_1",
    "krb5-1.22.2-h34f8a20_2",
    "cyrus-sasl-2.1.28-hb961e35_1",
    "libntlm-1.8-h5505292_0",
    "libxslt-1.1.45-haaf9281_1",
    "libzlib-1.3.2-h8088a28_3",
    "lz4-c-1.10.0-hdca3b7d_2",
    "readline-8.3-h8b90a29_1",
    "icu-78.3-py310h579977c_2",
    "libxml2-2.15.4-h550178d_0",
    "libxml2-16-2.15.4-heb56d2d_0",
    "openssl-3.6.4-h55eecbc_0",
    "tzcode-2026c-h1a92334_0",
    "tzdata-2026c-h151e31d_0",
    "zstd-1.5.7-hf451053_7",
    "libedit-3.1.20250104-pl5321h26f1114_1",
    "libcxx-23.1.1-h55c6f16_0",
    "liblzma-5.8.3-h8088a28_1",
    "libiconv-1.18-he4c29f2_3",
    "ca-certificates-2026.7.22-hbd8a1cb_0",
    "ncurses-6.6-he64c551_1",
]

[[tools."github:crystal-lang/crystal"]]
version = "1.21.1"
backend = "github:crystal-lang/crystal"
specifiers = ["1.21.1"]

[tools."github:crystal-lang/crystal"."platforms.macos-arm64"]
checksum = "sha256:ba34fa7fb8bc8b951f12d17e12f69c9d7ccce38900caa4b8a17f1b4f29d37605"
url = "https://github.com/crystal-lang/crystal/releases/download/1.21.1/crystal-1.21.1-1-darwin-universal.tar.gz"
url_api = "https://api.github.com/repos/crystal-lang/crystal/releases/assets/590606234"
